
Microsoft Visual Studio Solution File, Format Version 12.00
# Visual Studio Version 16
VisualStudioVersion = 16.0.30907.101
MinimumVisualStudioVersion = 10.0.40219.1
Project("{FAE04EC0-301F-11D3-BF4B-00C04F79EFBC}") = "Game", "Game\Game.csproj", "{EB4DD232-0782-42DD-A6F8-739D719D11D0}"
EndProject
Project("{FAE04EC0-301F-11D3-BF4B-00C04F79EFBC}") = "Game2048", "Game2048\Game2048.csproj", "{A97E7A4B-02E5-44C9-9892-8D0C1331C284}"
EndProject
Global
	GlobalSection(SolutionConfigurationPlatforms) = preSolution
		Debug|Any CPU = Debug|Any CPU
		Release|Any CPU = Release|Any CPU
	EndGlobalSection
	GlobalSection(ProjectConfigurationPlatforms) = postSolution
		{EB4DD232-0782-42DD-A6F8-739D719D11D0}.Debug|Any CPU.ActiveCfg = Debug|Any CPU
		{EB4DD232-0782-42DD-A6F8-739D719D11D0}.Debug|Any CPU.Build.0 = Debug|Any CPU
		{EB4DD232-0782-42DD-A6F8-739D719D11D0}.Release|Any CPU.ActiveCfg = Release|Any CPU
		{EB4DD232-0782-42DD-A6F8-739D719D11D0}.Release|Any CPU.Build.0 = Release|Any CPU
		{A97E7A4B-02E5-44C9-9892-8D0C1331C284}.Debug|Any CPU.ActiveCfg = Debug|Any CPU
		{A97E7A4B-02E5-44C9-9892-8D0C1331C284}.Debug|Any CPU.Build.0 = Debug|Any CPU
		{A97E7A4B-02E5-44C9-9892-8D0C1331C284}.Release|Any CPU.ActiveCfg = Release|Any CPU
		{A97E7A4B-02E5-44C9-9892-8D0C1331C284}.Release|Any CPU.Build.0 = Release|Any CPU
	EndGlobalSection
	GlobalSection(SolutionProperties) = preSolution
		HideSolutionNode = FALSE
	EndGlobalSection
	GlobalSection(ExtensibilityGlobals) = postSolution
		SolutionGuid = {239BFE41-7D0B-4F9D-9E32-251CBFE23FEC}
	EndGlobalSection
EndGlobal
